
Microsoft Visual Studio Solution File, Format Version 12.00
# Visual Studio 15
VisualStudioVersion = 15.0.28307.645
MinimumVisualStudioVersion = 10.0.40219.1
Project("{FAE04EC0-301F-11D3-BF4B-00C04F79EFBC}") = "GiecomQR", "GiecomQR\GiecomQR.csproj", "{E590DAED-BF23-4DFD-A497-43FAF2AD9AA1}"
EndProject
Global
	GlobalSection(SolutionConfigurationPlatforms) = preSolution
		Debug|Any CPU = Debug|Any CPU
		Release|Any CPU = Release|Any CPU
	EndGlobalSection
	GlobalSection(ProjectConfigurationPlatforms) = postSolution
		{E590DAED-BF23-4DFD-A497-43FAF2AD9AA1}.Debug|Any CPU.ActiveCfg = Debug|Any CPU
		{E590DAED-BF23-4DFD-A497-43FAF2AD9AA1}.Debug|Any CPU.Build.0 = Debug|Any CPU
		{E590DAED-BF23-4DFD-A497-43FAF2AD9AA1}.Release|Any CPU.ActiveCfg = Release|Any CPU
		{E590DAED-BF23-4DFD-A497-43FAF2AD9AA1}.Release|Any CPU.Build.0 = Release|Any CPU
	EndGlobalSection
	GlobalSection(SolutionProperties) = preSolution
		HideSolutionNode = FALSE
	EndGlobalSection
	GlobalSection(ExtensibilityGlobals) = postSolution
		SolutionGuid = {96E86AC3-D6CC-4230-BE44-8478FE5E97DB}
	EndGlobalSection
EndGlobal
